
Microsoft Visual Studio Solution File, Format Version 12.00
# Visual Studio Version 17
VisualStudioVersion = 17.5.002.0
MinimumVisualStudioVersion = 10.0.40219.1
Project("{9A19103F-16F7-4668-BE54-9A1E7A4F7556}") = "GJApples", "GJApples.csproj", "{892FD728-ACB3-4ED6-A2DF-76BA72AD8548}"
EndProject
Global
	GlobalSection(SolutionConfigurationPlatforms) = preSolution
		Debug|Any CPU = Debug|Any CPU
		Release|Any CPU = Release|Any CPU
	EndGlobalSection
	GlobalSection(ProjectConfigurationPlatforms) = postSolution
		{892FD728-ACB3-4ED6-A2DF-76BA72AD8548}.Debug|Any CPU.ActiveCfg = Debug|Any CPU
		{892FD728-ACB3-4ED6-A2DF-76BA72AD8548}.Debug|Any CPU.Build.0 = Debug|Any CPU
		{892FD728-ACB3-4ED6-A2DF-76BA72AD8548}.Release|Any CPU.ActiveCfg = Release|Any CPU
		{892FD728-ACB3-4ED6-A2DF-76BA72AD8548}.Release|Any CPU.Build.0 = Release|Any CPU
	EndGlobalSection
	GlobalSection(SolutionProperties) = preSolution
		HideSolutionNode = FALSE
	EndGlobalSection
	GlobalSection(ExtensibilityGlobals) = postSolution
		SolutionGuid = {81139FC9-26F4-4BFA-B8D5-49AA2F8F0257}
	EndGlobalSection
EndGlobal
